// !$*UTF8*$!
{
	archiveVersion = 1;
	classes = {
	};
	objectVersion = 46;
	objects = {

/* Begin PBXBuildFile section */
		84C8A0311DADE674000E5D85 /* CALayer+ff.m in Sources */ = {isa = PBXBuildFile; fileRef = 84C8A02B1DADE674000E5D85 /* CALayer+ff.m */; };
		84C8A0321DADE674000E5D85 /* LonginViewController.m in Sources */ = {isa = PBXBuildFile; fileRef = 84C8A02D1DADE674000E5D85 /* LonginViewController.m */; };
		84C8A0331DADE674000E5D85 /* RegironViewController.m in Sources */ = {isa = PBXBuildFile; fileRef = 84C8A02F1DADE674000E5D85 /* RegironViewController.m */; };
		84C8A0341DADE674000E5D85 /* Wjt.storyboard in Resources */ = {isa = PBXBuildFile; fileRef = 84C8A0301DADE674000E5D85 /* Wjt.storyboard */; };
		84F0EAB11DACD08400D31CA9 /* main.m in Sources */ = {isa = PBXBuildFile; fileRef = 84F0EAB01DACD08400D31CA9 /* main.m */; };
		84F0EAB41DACD08400D31CA9 /* AppDelegate.m in Sources */ = {isa = PBXBuildFile; fileRef = 84F0EAB31DACD08400D31CA9 /* AppDelegate.m */; };
		84F0EAB71DACD08400D31CA9 /* ViewController.m in Sources */ = {isa = PBXBuildFile; fileRef = 84F0EAB61DACD08400D31CA9 /* ViewController.m */; };
		84F0EABA1DACD08400D31CA9 /* Main.storyboard in Resources */ = {isa = PBXBuildFile; fileRef = 84F0EAB81DACD08400D31CA9 /* Main.storyboard */; };
		84F0EABD1DACD08400D31CA9 /* DafuFruit.xcdatamodeld in Sources */ = {isa = PBXBuildFile; fileRef = 84F0EABB1DACD08400D31CA9 /* DafuFruit.xcdatamodeld */; };
		84F0EABF1DACD08400D31CA9 /* Assets.xcassets in Resources */ = {isa = PBXBuildFile; fileRef = 84F0EABE1DACD08400D31CA9 /* Assets.xcassets */; };
		84F0EAC21DACD08400D31CA9 /* LaunchScreen.storyboard in Resources */ = {isa = PBXBuildFile; fileRef = 84F0EAC01DACD08400D31CA9 /* LaunchScreen.storyboard */; };
		84F0EACD1DACD08400D31CA9 /* DafuFruitTests.m in Sources */ = {isa = PBXBuildFile; fileRef = 84F0EACC1DACD08400D31CA9 /* DafuFruitTests.m */; };
		84F0EAD81DACD08400D31CA9 /* DafuFruitUITests.m in Sources */ = {isa = PBXBuildFile; fileRef = 84F0EAD71DACD08400D31CA9 /* DafuFruitUITests.m */; };
		88ED1574C564C1BFEE01846C /* libPods-DafuFruitTests.a in Frameworks */ = {isa = PBXBuildFile; fileRef = C90D90230BDDEC4D6F2A96B6 /* libPods-DafuFruitTests.a */; };
		BC83EAE9332290E0939E7291 /* libPods-DafuFruitUITests.a in Frameworks */ = {isa = PBXBuildFile; fileRef = E49D093200139266C1661369 /* libPods-DafuFruitUITests.a */; };
		C6BE19E31DADD08600A7B477 /* Utilities.m in Sources */ = {isa = PBXBuildFile; fileRef = C6BE19E21DADD08600A7B477 /* Utilities.m */; };
		C6BE19E61DADD14F00A7B477 /* HomeTableViewController.m in Sources */ = {isa = PBXBuildFile; fileRef = C6BE19E51DADD14F00A7B477 /* HomeTableViewController.m */; };
		C6E032361DB0D5060012677C /* FDL.storyboard in Resources */ = {isa = PBXBuildFile; fileRef = C6E032351DB0D5060012677C /* FDL.storyboard */; };
		D70D17B8B11F17333A4E494D /* libPods-DafuFruit.a in Frameworks */ = {isa = PBXBuildFile; fileRef = FBDF64DB00EDEEE638FD3FC3 /* libPods-DafuFruit.a */; };
/* End PBXBuildFile section */

/* Begin PBXContainerItemProxy section */
		84F0EAC91DACD08400D31CA9 /* PBXContainerItemProxy */ = {
			isa = PBXContainerItemProxy;
			containerPortal = 84F0EAA41DACD08300D31CA9 /* Project object */;
			proxyType = 1;
			remoteGlobalIDString = 84F0EAAB1DACD08400D31CA9;
			remoteInfo = DafuFruit;
		};
		84F0EAD41DACD08400D31CA9 /* PBXContainerItemProxy */ = {
			isa = PBXContainerItemProxy;
			containerPortal = 84F0EAA41DACD08300D31CA9 /* Project object */;
			proxyType = 1;
			remoteGlobalIDString = 84F0EAAB1DACD08400D31CA9;
			remoteInfo = DafuFruit;
		};
/* End PBXContainerItemProxy section */

/* Begin PBXFileReference section */
		4B3BE566FECA2BB037A8CD62 /* Pods-DafuFruit.release.xcconfig */ = {isa = PBXFileReference; includeInIndex = 1; lastKnownFileType = text.xcconfig; name = "Pods-DafuFruit.release.xcconfig"; path = "Pods/Target Support Files/Pods-DafuFruit/Pods-DafuFruit.release.xcconfig"; sourceTree = "<group>"; };
		75E66FDF30A9120556D0507F /* Pods-DafuFruit.debug.xcconfig */ = {isa = PBXFileReference; includeInIndex = 1; lastKnownFileType = text.xcconfig; name = "Pods-DafuFruit.debug.xcconfig"; path = "Pods/Target Support Files/Pods-DafuFruit/Pods-DafuFruit.debug.xcconfig"; sourceTree = "<group>"; };
		822026A90E3CC3A8D1C04779 /* Pods-DafuFruitUITests.release.xcconfig */ = {isa = PBXFileReference; includeInIndex = 1; lastKnownFileType = text.xcconfig; name = "Pods-DafuFruitUITests.release.xcconfig"; path = "Pods/Target Support Files/Pods-DafuFruitUITests/Pods-DafuFruitUITests.release.xcconfig"; sourceTree = "<group>"; };
		84C8A02A1DADE674000E5D85 /* CALayer+ff.h */ = {isa = PBXFileReference; fileEncoding = 4; lastKnownFileType = sourcecode.c.h; path = "CALayer+ff.h"; sourceTree = "<group>"; };
		84C8A02B1DADE674000E5D85 /* CALayer+ff.m */ = {isa = PBXFileReference; fileEncoding = 4; lastKnownFileType = sourcecode.c.objc; path = "CALayer+ff.m"; sourceTree = "<group>"; };
		84C8A02C1DADE674000E5D85 /* LonginViewController.h */ = {isa = PBXFileReference; fileEncoding = 4; lastKnownFileType = sourcecode.c.h; path = LonginViewController.h; sourceTree = "<group>"; };
		84C8A02D1DADE674000E5D85 /* LonginViewController.m */ = {isa = PBXFileReference; fileEncoding = 4; lastKnownFileType = sourcecode.c.objc; path = LonginViewController.m; sourceTree = "<group>"; };
		84C8A02E1DADE674000E5D85 /* RegironViewController.h */ = {isa = PBXFileReference; fileEncoding = 4; lastKnownFileType = sourcecode.c.h; path = RegironViewController.h; sourceTree = "<group>"; };
		84C8A02F1DADE674000E5D85 /* RegironViewController.m */ = {isa = PBXFileReference; fileEncoding = 4; lastKnownFileType = sourcecode.c.objc; path = RegironViewController.m; sourceTree = "<group>"; };
		84C8A0301DADE674000E5D85 /* Wjt.storyboard */ = {isa = PBXFileReference; fileEncoding = 4; lastKnownFileType = file.storyboard; path = Wjt.storyboard; sourceTree = "<group>"; };
		84F0EAAC1DACD08400D31CA9 /* DafuFruit.app */ = {isa = PBXFileReference; explicitFileType = wrapper.application; includeInIndex = 0; path = DafuFruit.app; sourceTree = BUILT_PRODUCTS_DIR; };
		84F0EAB01DACD08400D31CA9 /* main.m */ = {isa = PBXFileReference; lastKnownFileType = sourcecode.c.objc; path = main.m; sourceTree = "<group>"; };
		84F0EAB21DACD08400D31CA9 /* AppDelegate.h */ = {isa = PBXFileReference; lastKnownFileType = sourcecode.c.h; path = AppDelegate.h; sourceTree = "<group>"; };
		84F0EAB31DACD08400D31CA9 /* AppDelegate.m */ = {isa = PBXFileReference; lastKnownFileType = sourcecode.c.objc; path = AppDelegate.m; sourceTree = "<group>"; };
		84F0EAB51DACD08400D31CA9 /* ViewController.h */ = {isa = PBXFileReference; lastKnownFileType = sourcecode.c.h; path = ViewController.h; sourceTree = "<group>"; };
		84F0EAB61DACD08400D31CA9 /* ViewController.m */ = {isa = PBXFileReference; lastKnownFileType = sourcecode.c.objc; path = ViewController.m; sourceTree = "<group>"; };
		84F0EAB91DACD08400D31CA9 /* Base */ = {isa = PBXFileReference; lastKnownFileType = file.storyboard; name = Base; path = Base.lproj/Main.storyboard; sourceTree = "<group>"; };
		84F0EABC1DACD08400D31CA9 /* DafuFruit.xcdatamodel */ = {isa = PBXFileReference; lastKnownFileType = wrapper.xcdatamodel; path = DafuFruit.xcdatamodel; sourceTree = "<group>"; };
		84F0EABE1DACD08400D31CA9 /* Assets.xcassets */ = {isa = PBXFileReference; lastKnownFileType = folder.assetcatalog; path = Assets.xcassets; sourceTree = "<group>"; };
		84F0EAC11DACD08400D31CA9 /* Base */ = {isa = PBXFileReference; lastKnownFileType = file.storyboard; name = Base; path = Base.lproj/LaunchScreen.storyboard; sourceTree = "<group>"; };
		84F0EAC31DACD08400D31CA9 /* Info.plist */ = {isa = PBXFileReference; lastKnownFileType = text.plist.xml; path = Info.plist; sourceTree = "<group>"; };
		84F0EAC81DACD08400D31CA9 /* DafuFruitTests.xctest */ = {isa = PBXFileReference; explicitFileType = wrapper.cfbundle; includeInIndex = 0; path = DafuFruitTests.xctest; sourceTree = BUILT_PRODUCTS_DIR; };
		84F0EACC1DACD08400D31CA9 /* DafuFruitTests.m */ = {isa = PBXFileReference; lastKnownFileType = sourcecode.c.objc; path = DafuFruitTests.m; sourceTree = "<group>"; };
		84F0EACE1DACD08400D31CA9 /* Info.plist */ = {isa = PBXFileReference; lastKnownFileType = text.plist.xml; path = Info.plist; sourceTree = "<group>"; };
		84F0EAD31DACD08400D31CA9 /* DafuFruitUITests.xctest */ = {isa = PBXFileReference; explicitFileType = wrapper.cfbundle; includeInIndex = 0; path = DafuFruitUITests.xctest; sourceTree = BUILT_PRODUCTS_DIR; };
		84F0EAD71DACD08400D31CA9 /* DafuFruitUITests.m */ = {isa = PBXFileReference; lastKnownFileType = sourcecode.c.objc; path = DafuFruitUITests.m; sourceTree = "<group>"; };
		84F0EAD91DACD08400D31CA9 /* Info.plist */ = {isa = PBXFileReference; lastKnownFileType = text.plist.xml; path = Info.plist; sourceTree = "<group>"; };
		BDF5D2C962717236EA690A0A /* Pods-DafuFruitUITests.debug.xcconfig */ = {isa = PBXFileReference; includeInIndex = 1; lastKnownFileType = text.xcconfig; name = "Pods-DafuFruitUITests.debug.xcconfig"; path = "Pods/Target Support Files/Pods-DafuFruitUITests/Pods-DafuFruitUITests.debug.xcconfig"; sourceTree = "<group>"; };
		C36E778CCDAC14AB5EF93405 /* Pods-DafuFruitTests.release.xcconfig */ = {isa = PBXFileReference; includeInIndex = 1; lastKnownFileType = text.xcconfig; name = "Pods-DafuFruitTests.release.xcconfig"; path = "Pods/Target Support Files/Pods-DafuFruitTests/Pods-DafuFruitTests.release.xcconfig"; sourceTree = "<group>"; };
		C6BE19E11DADD08600A7B477 /* Utilities.h */ = {isa = PBXFileReference; fileEncoding = 4; lastKnownFileType = sourcecode.c.h; path = Utilities.h; sourceTree = "<group>"; };
		C6BE19E21DADD08600A7B477 /* Utilities.m */ = {isa = PBXFileReference; fileEncoding = 4; lastKnownFileType = sourcecode.c.objc; path = Utilities.m; sourceTree = "<group>"; };
		C6BE19E41DADD14F00A7B477 /* HomeTableViewController.h */ = {isa = PBXFileReference; fileEncoding = 4; lastKnownFileType = sourcecode.c.h; path = HomeTableViewController.h; sourceTree = "<group>"; };
		C6BE19E51DADD14F00A7B477 /* HomeTableViewController.m */ = {isa = PBXFileReference; fileEncoding = 4; lastKnownFileType = sourcecode.c.objc; path = HomeTableViewController.m; sourceTree = "<group>"; };
		C6BE19E71DADD39400A7B477 /* PrefixHeader.pch */ = {isa = PBXFileReference; lastKnownFileType = sourcecode.c.h; path = PrefixHeader.pch; sourceTree = "<group>"; };
		C6E032351DB0D5060012677C /* FDL.storyboard */ = {isa = PBXFileReference; fileEncoding = 4; lastKnownFileType = file.storyboard; path = FDL.storyboard; sourceTree = "<group>"; };
		C90D90230BDDEC4D6F2A96B6 /* libPods-DafuFruitTests.a */ = {isa = PBXFileReference; explicitFileType = archive.ar; includeInIndex = 0; path = "libPods-DafuFruitTests.a"; sourceTree = BUILT_PRODUCTS_DIR; };
		D049475E0815D09E3FFC3CA0 /* Pods-DafuFruitTests.debug.xcconfig */ = {isa = PBXFileReference; includeInIndex = 1; lastKnownFileType = text.xcconfig; name = "Pods-DafuFruitTests.debug.xcconfig"; path = "Pods/Target Support Files/Pods-DafuFruitTests/Pods-DafuFruitTests.debug.xcconfig"; sourceTree = "<group>"; };
		E49D093200139266C1661369 /* libPods-DafuFruitUITests.a */ = {isa = PBXFileReference; explicitFileType = archive.ar; includeInIndex = 0; path = "libPods-DafuFruitUITests.a"; sourceTree = BUILT_PRODUCTS_DIR; };
		FBDF64DB00EDEEE638FD3FC3 /* libPods-DafuFruit.a */ = {isa = PBXFileReference; explicitFileType = archive.ar; includeInIndex = 0; path = "libPods-DafuFruit.a"; sourceTree = BUILT_PRODUCTS_DIR; };
/* End PBXFileReference section */

/* Begin PBXFrameworksBuildPhase section */
		84F0EAA91DACD08400D31CA9 /* Frameworks */ = {
			isa = PBXFrameworksBuildPhase;
			buildActionMask = 2147483647;
			files = (
				D70D17B8B11F17333A4E494D /* libPods-DafuFruit.a in Frameworks */,
			);
			runOnlyForDeploymentPostprocessing = 0;
		};
		84F0EAC51DACD08400D31CA9 /* Frameworks */ = {
			isa = PBXFrameworksBuildPhase;
			buildActionMask = 2147483647;
			files = (
				88ED1574C564C1BFEE01846C /* libPods-DafuFruitTests.a in Frameworks */,
			);
			runOnlyForDeploymentPostprocessing = 0;
		};
		84F0EAD01DACD08400D31CA9 /* Frameworks */ = {
			isa = PBXFrameworksBuildPhase;
			buildActionMask = 2147483647;
			files = (
				BC83EAE9332290E0939E7291 /* libPods-DafuFruitUITests.a in Frameworks */,
			);
			runOnlyForDeploymentPostprocessing = 0;
		};
/* End PBXFrameworksBuildPhase section */

/* Begin PBXGroup section */
		84F0EAA31DACD08300D31CA9 = {
			isa = PBXGroup;
			children = (
				84F0EAAE1DACD08400D31CA9 /* DafuFruit */,
				84F0EACB1DACD08400D31CA9 /* DafuFruitTests */,
				84F0EAD61DACD08400D31CA9 /* DafuFruitUITests */,
				84F0EAAD1DACD08400D31CA9 /* Products */,
				A7EA97062112988B65170A5E /* Pods */,
				86A590D1B6A0D069102679A9 /* Frameworks */,
			);
			sourceTree = "<group>";
		};
		84F0EAAD1DACD08400D31CA9 /* Products */ = {
			isa = PBXGroup;
			children = (
				84F0EAAC1DACD08400D31CA9 /* DafuFruit.app */,
				84F0EAC81DACD08400D31CA9 /* DafuFruitTests.xctest */,
				84F0EAD31DACD08400D31CA9 /* DafuFruitUITests.xctest */,
			);
			name = Products;
			sourceTree = "<group>";
		};
		84F0EAAE1DACD08400D31CA9 /* DafuFruit */ = {
			isa = PBXGroup;
			children = (
				C6BE19D71DADC98F00A7B477 /* Controller */,
				C6BE19D61DADC98500A7B477 /* View */,
				C6BE19D51DADC97900A7B477 /* Model */,
				C6BE19D41DADC96F00A7B477 /* 3rd */,
				C6BE19E01DADD04100A7B477 /* Utility */,
				84F0EAAF1DACD08400D31CA9 /* Supporting Files */,
			);
			path = DafuFruit;
			sourceTree = "<group>";
		};
		84F0EAAF1DACD08400D31CA9 /* Supporting Files */ = {
			isa = PBXGroup;
			children = (
				84F0EAB21DACD08400D31CA9 /* AppDelegate.h */,
				84F0EAB31DACD08400D31CA9 /* AppDelegate.m */,
				84F0EAB81DACD08400D31CA9 /* Main.storyboard */,
				84F0EAC31DACD08400D31CA9 /* Info.plist */,
				84F0EAB01DACD08400D31CA9 /* main.m */,
				C6BE19E71DADD39400A7B477 /* PrefixHeader.pch */,
			);
			name = "Supporting Files";
			sourceTree = "<group>";
		};
		84F0EACB1DACD08400D31CA9 /* DafuFruitTests */ = {
			isa = PBXGroup;
			children = (
				84F0EACC1DACD08400D31CA9 /* DafuFruitTests.m */,
				84F0EACE1DACD08400D31CA9 /* Info.plist */,
			);
			path = DafuFruitTests;
			sourceTree = "<group>";
		};
		84F0EAD61DACD08400D31CA9 /* DafuFruitUITests */ = {
			isa = PBXGroup;
			children = (
				84F0EAD71DACD08400D31CA9 /* DafuFruitUITests.m */,
				84F0EAD91DACD08400D31CA9 /* Info.plist */,
			);
			path = DafuFruitUITests;
			sourceTree = "<group>";
		};
		86A590D1B6A0D069102679A9 /* Frameworks */ = {
			isa = PBXGroup;
			children = (
				FBDF64DB00EDEEE638FD3FC3 /* libPods-DafuFruit.a */,
				C90D90230BDDEC4D6F2A96B6 /* libPods-DafuFruitTests.a */,
				E49D093200139266C1661369 /* libPods-DafuFruitUITests.a */,
			);
			name = Frameworks;
			sourceTree = "<group>";
		};
		A7EA97062112988B65170A5E /* Pods */ = {
			isa = PBXGroup;
			children = (
				75E66FDF30A9120556D0507F /* Pods-DafuFruit.debug.xcconfig */,
				4B3BE566FECA2BB037A8CD62 /* Pods-DafuFruit.release.xcconfig */,
				D049475E0815D09E3FFC3CA0 /* Pods-DafuFruitTests.debug.xcconfig */,
				C36E778CCDAC14AB5EF93405 /* Pods-DafuFruitTests.release.xcconfig */,
				BDF5D2C962717236EA690A0A /* Pods-DafuFruitUITests.debug.xcconfig */,
				822026A90E3CC3A8D1C04779 /* Pods-DafuFruitUITests.release.xcconfig */,
			);
			name = Pods;
			sourceTree = "<group>";
		};
		C6BE19D41DADC96F00A7B477 /* 3rd */ = {
			isa = PBXGroup;
			children = (
			);
			name = 3rd;
			sourceTree = "<group>";
		};
		C6BE19D51DADC97900A7B477 /* Model */ = {
			isa = PBXGroup;
			children = (
				84F0EABB1DACD08400D31CA9 /* DafuFruit.xcdatamodeld */,
				84F0EABE1DACD08400D31CA9 /* Assets.xcassets */,
			);
			name = Model;
			sourceTree = "<group>";
		};
		C6BE19D61DADC98500A7B477 /* View */ = {
			isa = PBXGroup;
			children = (
				84C8A0301DADE674000E5D85 /* Wjt.storyboard */,
				84F0EAC01DACD08400D31CA9 /* LaunchScreen.storyboard */,
				C6E032351DB0D5060012677C /* FDL.storyboard */,
			);
			name = View;
			sourceTree = "<group>";
		};
		C6BE19D71DADC98F00A7B477 /* Controller */ = {
			isa = PBXGroup;
			children = (
				84F0EAB61DACD08400D31CA9 /* ViewController.m */,
				84F0EAB51DACD08400D31CA9 /* ViewController.h */,
				C6BE19E41DADD14F00A7B477 /* HomeTableViewController.h */,
				C6BE19E51DADD14F00A7B477 /* HomeTableViewController.m */,
				84C8A02A1DADE674000E5D85 /* CALayer+ff.h */,
				84C8A02B1DADE674000E5D85 /* CALayer+ff.m */,
				84C8A02C1DADE674000E5D85 /* LonginViewController.h */,
				84C8A02D1DADE674000E5D85 /* LonginViewController.m */,
				84C8A02E1DADE674000E5D85 /* RegironViewController.h */,
				84C8A02F1DADE674000E5D85 /* RegironViewController.m */,
			);
			name = Controller;
			sourceTree = "<group>";
		};
		C6BE19E01DADD04100A7B477 /* Utility */ = {
			isa = PBXGroup;
			children = (
				C6BE19E11DADD08600A7B477 /* Utilities.h */,
				C6BE19E21DADD08600A7B477 /* Utilities.m */,
			);
			name = Utility;
			sourceTree = "<group>";
		};
/* End PBXGroup section */

/* Begin PBXNativeTarget section */
		84F0EAAB1DACD08400D31CA9 /* DafuFruit */ = {
			isa = PBXNativeTarget;
			buildConfigurationList = 84F0EADC1DACD08400D31CA9 /* Build configuration list for PBXNativeTarget "DafuFruit" */;
			buildPhases = (
				2DC12064449A79F5E45E0F86 /* [CP] Check Pods Manifest.lock */,
				84F0EAA81DACD08400D31CA9 /* Sources */,
				84F0EAA91DACD08400D31CA9 /* Frameworks */,
				84F0EAAA1DACD08400D31CA9 /* Resources */,
				6E585A4FE4FFD6632C4CADA7 /* [CP] Embed Pods Frameworks */,
				AC82CB1FDFECCEF96DDFB166 /* [CP] Copy Pods Resources */,
			);
			buildRules = (
			);
			dependencies = (
			);
			name = DafuFruit;
			productName = DafuFruit;
			productReference = 84F0EAAC1DACD08400D31CA9 /* DafuFruit.app */;
			productType = "com.apple.product-type.application";
		};
		84F0EAC71DACD08400D31CA9 /* DafuFruitTests */ = {
			isa = PBXNativeTarget;
			buildConfigurationList = 84F0EADF1DACD08400D31CA9 /* Build configuration list for PBXNativeTarget "DafuFruitTests" */;
			buildPhases = (
				330AAC109A9935CFCF3FAFF3 /* [CP] Check Pods Manifest.lock */,
				84F0EAC41DACD08400D31CA9 /* Sources */,
				84F0EAC51DACD08400D31CA9 /* Frameworks */,
				84F0EAC61DACD08400D31CA9 /* Resources */,
				545D37009AFC44403090569B /* [CP] Embed Pods Frameworks */,
				469B2B57A51156FC0B9C4B14 /* [CP] Copy Pods Resources */,
			);
			buildRules = (
			);
			dependencies = (
				84F0EACA1DACD08400D31CA9 /* PBXTargetDependency */,
			);
			name = DafuFruitTests;
			productName = DafuFruitTests;
			productReference = 84F0EAC81DACD08400D31CA9 /* DafuFruitTests.xctest */;
			productType = "com.apple.product-type.bundle.unit-test";
		};
		84F0EAD21DACD08400D31CA9 /* DafuFruitUITests */ = {
			isa = PBXNativeTarget;
			buildConfigurationList = 84F0EAE21DACD08400D31CA9 /* Build configuration list for PBXNativeTarget "DafuFruitUITests" */;
			buildPhases = (
				F626D82ACC57FBA7AEBA4DFC /* [CP] Check Pods Manifest.lock */,
				84F0EACF1DACD08400D31CA9 /* Sources */,
				84F0EAD01DACD08400D31CA9 /* Frameworks */,
				84F0EAD11DACD08400D31CA9 /* Resources */,
				01788E36980CF1E2798DB72B /* [CP] Copy Pods Resources */,
			);
			buildRules = (
			);
			dependencies = (
				84F0EAD51DACD08400D31CA9 /* PBXTargetDependency */,
			);
			name = DafuFruitUITests;
			productName = DafuFruitUITests;
			productReference = 84F0EAD31DACD08400D31CA9 /* DafuFruitUITests.xctest */;
			productType = "com.apple.product-type.bundle.ui-testing";
		};
/* End PBXNativeTarget section */

/* Begin PBXProject section */
		84F0EAA41DACD08300D31CA9 /* Project object */ = {
			isa = PBXProject;
			attributes = {
				LastUpgradeCheck = 0720;
				ORGANIZATIONNAME = admin;
				TargetAttributes = {
					84F0EAAB1DACD08400D31CA9 = {
						CreatedOnToolsVersion = 7.2;
					};
					84F0EAC71DACD08400D31CA9 = {
						CreatedOnToolsVersion = 7.2;
						TestTargetID = 84F0EAAB1DACD08400D31CA9;
					};
					84F0EAD21DACD08400D31CA9 = {
						CreatedOnToolsVersion = 7.2;
						TestTargetID = 84F0EAAB1DACD08400D31CA9;
					};
				};
			};
			buildConfigurationList = 84F0EAA71DACD08300D31CA9 /* Build configuration list for PBXProject "DafuFruit" */;
			compatibilityVersion = "Xcode 3.2";
			developmentRegion = English;
			hasScannedForEncodings = 0;
			knownRegions = (
				en,
				Base,
			);
			mainGroup = 84F0EAA31DACD08300D31CA9;
			productRefGroup = 84F0EAAD1DACD08400D31CA9 /* Products */;
			projectDirPath = "";
			projectRoot = "";
			targets = (
				84F0EAAB1DACD08400D31CA9 /* DafuFruit */,
				84F0EAC71DACD08400D31CA9 /* DafuFruitTests */,
				84F0EAD21DACD08400D31CA9 /* DafuFruitUITests */,
			);
		};
/* End PBXProject section */

/* Begin PBXResourcesBuildPhase section */
		84F0EAAA1DACD08400D31CA9 /* Resources */ = {
			isa = PBXResourcesBuildPhase;
			buildActionMask = 2147483647;
			files = (
				84F0EAC21DACD08400D31CA9 /* LaunchScreen.storyboard in Resources */,
				84F0EABF1DACD08400D31CA9 /* Assets.xcassets in Resources */,
				84F0EABA1DACD08400D31CA9 /* Main.storyboard in Resources */,
				84C8A0341DADE674000E5D85 /* Wjt.storyboard in Resources */,
				C6E032361DB0D5060012677C /* FDL.storyboard in Resources */,
			);
			runOnlyForDeploymentPostprocessing = 0;
		};
		84F0EAC61DACD08400D31CA9 /* Resources */ = {
			isa = PBXResourcesBuildPhase;
			buildActionMask = 2147483647;
			files = (
			);
			runOnlyForDeploymentPostprocessing = 0;
		};
		84F0EAD11DACD08400D31CA9 /* Resources */ = {
			isa = PBXResourcesBuildPhase;
			buildActionMask = 2147483647;
			files = (
			);
			runOnlyForDeploymentPostprocessing = 0;
		};
/* End PBXResourcesBuildPhase section */

/* Begin PBXShellScriptBuildPhase section */
		01788E36980CF1E2798DB72B /* [CP] Copy Pods Resources */ = {
			isa = PBXShellScriptBuildPhase;
			buildActionMask = 2147483647;
			files = (
			);
			inputPaths = (
			);
			name = "[CP] Copy Pods Resources";
			outputPaths = (
			);
			runOnlyForDeploymentPostprocessing = 0;
			shellPath = /bin/sh;
			shellScript = "\"${SRCROOT}/Pods/Target Support Files/Pods-DafuFruitUITests/Pods-DafuFruitUITests-resources.sh\"\n";
			showEnvVarsInLog = 0;
		};
		2DC12064449A79F5E45E0F86 /* [CP] Check Pods Manifest.lock */ = {
			isa = PBXShellScriptBuildPhase;
			buildActionMask = 2147483647;
			files = (
			);
			inputPaths = (
			);
			name = "[CP] Check Pods Manifest.lock";
			outputPaths = (
			);
			runOnlyForDeploymentPostprocessing = 0;
			shellPath = /bin/sh;
			shellScript = "diff \"${PODS_ROOT}/../Podfile.lock\" \"${PODS_ROOT}/Manifest.lock\" > /dev/null\nif [[ $? != 0 ]] ; then\n    cat << EOM\nerror: The sandbox is not in sync with the Podfile.lock. Run 'pod install' or update your CocoaPods installation.\nEOM\n    exit 1\nfi\n";
			showEnvVarsInLog = 0;
		};
		330AAC109A9935CFCF3FAFF3 /* [CP] Check Pods Manifest.lock */ = {
			isa = PBXShellScriptBuildPhase;
			buildActionMask = 2147483647;
			files = (
			);
			inputPaths = (
			);
			name = "[CP] Check Pods Manifest.lock";
			outputPaths = (
			);
			runOnlyForDeploymentPostprocessing = 0;
			shellPath = /bin/sh;
			shellScript = "diff \"${PODS_ROOT}/../Podfile.lock\" \"${PODS_ROOT}/Manifest.lock\" > /dev/null\nif [[ $? != 0 ]] ; then\n    cat << EOM\nerror: The sandbox is not in sync with the Podfile.lock. Run 'pod install' or update your CocoaPods installation.\nEOM\n    exit 1\nfi\n";
			showEnvVarsInLog = 0;
		};
		469B2B57A51156FC0B9C4B14 /* [CP] Copy Pods Resources */ = {
			isa = PBXShellScriptBuildPhase;
			buildActionMask = 2147483647;
			files = (
			);
			inputPaths = (
			);
			name = "[CP] Copy Pods Resources";
			outputPaths = (
			);
			runOnlyForDeploymentPostprocessing = 0;
			shellPath = /bin/sh;
			shellScript = "\"${SRCROOT}/Pods/Target Support Files/Pods-DafuFruitTests/Pods-DafuFruitTests-resources.sh\"\n";
			showEnvVarsInLog = 0;
		};
		545D37009AFC44403090569B /* [CP] Embed Pods Frameworks */ = {
			isa = PBXShellScriptBuildPhase;
			buildActionMask = 2147483647;
			files = (
			);
			inputPaths = (
			);
			name = "[CP] Embed Pods Frameworks";
			outputPaths = (
			);
			runOnlyForDeploymentPostprocessing = 0;
			shellPath = /bin/sh;
			shellScript = "\"${SRCROOT}/Pods/Target Support Files/Pods-DafuFruitTests/Pods-DafuFruitTests-frameworks.sh\"\n";
			showEnvVarsInLog = 0;
		};
		6E585A4FE4FFD6632C4CADA7 /* [CP] Embed Pods Frameworks */ = {
			isa = PBXShellScriptBuildPhase;
			buildActionMask = 2147483647;
			files = (
			);
			inputPaths = (
			);
			name = "[CP] Embed Pods Frameworks";
			outputPaths = (
			);
			runOnlyForDeploymentPostprocessing = 0;
			shellPath = /bin/sh;
			shellScript = "\"${SRCROOT}/Pods/Target Support Files/Pods-DafuFruit/Pods-DafuFruit-frameworks.sh\"\n";
			showEnvVarsInLog = 0;
		};
		AC82CB1FDFECCEF96DDFB166 /* [CP] Copy Pods Resources */ = {
			isa = PBXShellScriptBuildPhase;
			buildActionMask = 2147483647;
			files = (
			);
			inputPaths = (
			);
			name = "[CP] Copy Pods Resources";
			outputPaths = (
			);
			runOnlyForDeploymentPostprocessing = 0;
			shellPath = /bin/sh;
			shellScript = "\"${SRCROOT}/Pods/Target Support Files/Pods-DafuFruit/Pods-DafuFruit-resources.sh\"\n";
			showEnvVarsInLog = 0;
		};
		F626D82ACC57FBA7AEBA4DFC /* [CP] Check Pods Manifest.lock */ = {
			isa = PBXShellScriptBuildPhase;
			buildActionMask = 2147483647;
			files = (
			);
			inputPaths = (
			);
			name = "[CP] Check Pods Manifest.lock";
			outputPaths = (
			);
			runOnlyForDeploymentPostprocessing = 0;
			shellPath = /bin/sh;
			shellScript = "diff \"${PODS_ROOT}/../Podfile.lock\" \"${PODS_ROOT}/Manifest.lock\" > /dev/null\nif [[ $? != 0 ]] ; then\n    cat << EOM\nerror: The sandbox is not in sync with the Podfile.lock. Run 'pod install' or update your CocoaPods installation.\nEOM\n    exit 1\nfi\n";
			showEnvVarsInLog = 0;
		};
/* End PBXShellScriptBuildPhase section */

/* Begin PBXSourcesBuildPhase section */
		84F0EAA81DACD08400D31CA9 /* Sources */ = {
			isa = PBXSourcesBuildPhase;
			buildActionMask = 2147483647;
			files = (
				C6BE19E31DADD08600A7B477 /* Utilities.m in Sources */,
				84F0EABD1DACD08400D31CA9 /* DafuFruit.xcdatamodeld in Sources */,
				84C8A0311DADE674000E5D85 /* CALayer+ff.m in Sources */,
				84F0EAB71DACD08400D31CA9 /* ViewController.m in Sources */,
				84F0EAB41DACD08400D31CA9 /* AppDelegate.m in Sources */,
				C6BE19E61DADD14F00A7B477 /* HomeTableViewController.m in Sources */,
				84C8A0331DADE674000E5D85 /* RegironViewController.m in Sources */,
				84F0EAB11DACD08400D31CA9 /* main.m in Sources */,
				84C8A0321DADE674000E5D85 /* LonginViewController.m in Sources */,
			);
			runOnlyForDeploymentPostprocessing = 0;
		};
		84F0EAC41DACD08400D31CA9 /* Sources */ = {
			isa = PBXSourcesBuildPhase;
			buildActionMask = 2147483647;
			files = (
				84F0EACD1DACD08400D31CA9 /* DafuFruitTests.m in Sources */,
			);
			runOnlyForDeploymentPostprocessing = 0;
		};
		84F0EACF1DACD08400D31CA9 /* Sources */ = {
			isa = PBXSourcesBuildPhase;
			buildActionMask = 2147483647;
			files = (
				84F0EAD81DACD08400D31CA9 /* DafuFruitUITests.m in Sources */,
			);
			runOnlyForDeploymentPostprocessing = 0;
		};
/* End PBXSourcesBuildPhase section */

/* Begin PBXTargetDependency section */
		84F0EACA1DACD08400D31CA9 /* PBXTargetDependency */ = {
			isa = PBXTargetDependency;
			target = 84F0EAAB1DACD08400D31CA9 /* DafuFruit */;
			targetProxy = 84F0EAC91DACD08400D31CA9 /* PBXContainerItemProxy */;
		};
		84F0EAD51DACD08400D31CA9 /* PBXTargetDependency */ = {
			isa = PBXTargetDependency;
			target = 84F0EAAB1DACD08400D31CA9 /* DafuFruit */;
			targetProxy = 84F0EAD41DACD08400D31CA9 /* PBXContainerItemProxy */;
		};
/* End PBXTargetDependency section */

/* Begin PBXVariantGroup section */
		84F0EAB81DACD08400D31CA9 /* Main.storyboard */ = {
			isa = PBXVariantGroup;
			children = (
				84F0EAB91DACD08400D31CA9 /* Base */,
			);
			name = Main.storyboard;
			sourceTree = "<group>";
		};
		84F0EAC01DACD08400D31CA9 /* LaunchScreen.storyboard */ = {
			isa = PBXVariantGroup;
			children = (
				84F0EAC11DACD08400D31CA9 /* Base */,
			);
			name = LaunchScreen.storyboard;
			sourceTree = "<group>";
		};
/* End PBXVariantGroup section */

/* Begin XCBuildConfiguration section */
		84F0EADA1DACD08400D31CA9 /* Debug */ = {
			isa = XCBuildConfiguration;
			buildSettings = {
				ALWAYS_SEARCH_USER_PATHS = NO;
				CLANG_CXX_LANGUAGE_STANDARD = "gnu++0x";
				CLANG_CXX_LIBRARY = "libc++";
				CLANG_ENABLE_MODULES = YES;
				CLANG_ENABLE_OBJC_ARC = YES;
				CLANG_WARN_BOOL_CONVERSION = YES;
				CLANG_WARN_CONSTANT_CONVERSION = YES;
				CLANG_WARN_DIRECT_OBJC_ISA_USAGE = YES_ERROR;
				CLANG_WARN_EMPTY_BODY = YES;
				CLANG_WARN_ENUM_CONVERSION = YES;
				CLANG_WARN_INT_CONVERSION = YES;
				CLANG_WARN_OBJC_ROOT_CLASS = YES_ERROR;
				CLANG_WARN_UNREACHABLE_CODE = YES;
				CLANG_WARN__DUPLICATE_METHOD_MATCH = YES;
				"CODE_SIGN_IDENTITY[sdk=iphoneos*]" = "iPhone Developer";
				COPY_PHASE_STRIP = NO;
				DEBUG_INFORMATION_FORMAT = dwarf;
				ENABLE_STRICT_OBJC_MSGSEND = YES;
				ENABLE_TESTABILITY = YES;
				GCC_C_LANGUAGE_STANDARD = gnu99;
				GCC_DYNAMIC_NO_PIC = NO;
				GCC_NO_COMMON_BLOCKS = YES;
				GCC_OPTIMIZATION_LEVEL = 0;
				GCC_PREPROCESSOR_DEFINITIONS = (
					"DEBUG=1",
					"$(inherited)",
				);
				GCC_WARN_64_TO_32_BIT_CONVERSION = YES;
				GCC_WARN_ABOUT_RETURN_TYPE = YES_ERROR;
				GCC_WARN_UNDECLARED_SELECTOR = YES;
				GCC_WARN_UNINITIALIZED_AUTOS = YES_AGGRESSIVE;
				GCC_WARN_UNUSED_FUNCTION = YES;
				GCC_WARN_UNUSED_VARIABLE = YES;
				IPHONEOS_DEPLOYMENT_TARGET = 9.2;
				MTL_ENABLE_DEBUG_INFO = YES;
				ONLY_ACTIVE_ARCH = YES;
				SDKROOT = iphoneos;
			};
			name = Debug;
		};
		84F0EADB1DACD08400D31CA9 /* Release */ = {
			isa = XCBuildConfiguration;
			buildSettings = {
				ALWAYS_SEARCH_USER_PATHS = NO;
				CLANG_CXX_LANGUAGE_STANDARD = "gnu++0x";
				CLANG_CXX_LIBRARY = "libc++";
				CLANG_ENABLE_MODULES = YES;
				CLANG_ENABLE_OBJC_ARC = YES;
				CLANG_WARN_BOOL_CONVERSION = YES;
				CLANG_WARN_CONSTANT_CONVERSION = YES;
				CLANG_WARN_DIRECT_OBJC_ISA_USAGE = YES_ERROR;
				CLANG_WARN_EMPTY_BODY = YES;
				CLANG_WARN_ENUM_CONVERSION = YES;
				CLANG_WARN_INT_CONVERSION = YES;
				CLANG_WARN_OBJC_ROOT_CLASS = YES_ERROR;
				CLANG_WARN_UNREACHABLE_CODE = YES;
				CLANG_WARN__DUPLICATE_METHOD_MATCH = YES;
				"CODE_SIGN_IDENTITY[sdk=iphoneos*]" = "iPhone Developer";
				COPY_PHASE_STRIP = NO;
				DEBUG_INFORMATION_FORMAT = "dwarf-with-dsym";
				ENABLE_NS_ASSERTIONS = NO;
				ENABLE_STRICT_OBJC_MSGSEND = YES;
				GCC_C_LANGUAGE_STANDARD = gnu99;
				GCC_NO_COMMON_BLOCKS = YES;
				GCC_WARN_64_TO_32_BIT_CONVERSION = YES;
				GCC_WARN_ABOUT_RETURN_TYPE = YES_ERROR;
				GCC_WARN_UNDECLARED_SELECTOR = YES;
				GCC_WARN_UNINITIALIZED_AUTOS = YES_AGGRESSIVE;
				GCC_WARN_UNUSED_FUNCTION = YES;
				GCC_WARN_UNUSED_VARIABLE = YES;
				IPHONEOS_DEPLOYMENT_TARGET = 9.2;
				MTL_ENABLE_DEBUG_INFO = NO;
				SDKROOT = iphoneos;
				VALIDATE_PRODUCT = YES;
			};
			name = Release;
		};
		84F0EADD1DACD08400D31CA9 /* Debug */ = {
			isa = XCBuildConfiguration;
			baseConfigurationReference = 75E66FDF30A9120556D0507F /* Pods-DafuFruit.debug.xcconfig */;
			buildSettings = {
				ASSETCATALOG_COMPILER_APPICON_NAME = AppIcon;
				GCC_PRECOMPILE_PREFIX_HEADER = YES;
				GCC_PREFIX_HEADER = DafuFruit/PrefixHeader.pch;
				INFOPLIST_FILE = DafuFruit/Info.plist;
				LD_RUNPATH_SEARCH_PATHS = "$(inherited) @executable_path/Frameworks";
				PRODUCT_BUNDLE_IDENTIFIER = fly.DafuFruit;
				PRODUCT_NAME = "$(TARGET_NAME)";
			};
			name = Debug;
		};
		84F0EADE1DACD08400D31CA9 /* Release */ = {
			isa = XCBuildConfiguration;
			baseConfigurationReference = 4B3BE566FECA2BB037A8CD62 /* Pods-DafuFruit.release.xcconfig */;
			buildSettings = {
				ASSETCATALOG_COMPILER_APPICON_NAME = AppIcon;
				GCC_PRECOMPILE_PREFIX_HEADER = YES;
				GCC_PREFIX_HEADER = DafuFruit/PrefixHeader.pch;
				INFOPLIST_FILE = DafuFruit/Info.plist;
				LD_RUNPATH_SEARCH_PATHS = "$(inherited) @executable_path/Frameworks";
				PRODUCT_BUNDLE_IDENTIFIER = fly.DafuFruit;
				PRODUCT_NAME = "$(TARGET_NAME)";
			};
			name = Release;
		};
		84F0EAE01DACD08400D31CA9 /* Debug */ = {
			isa = XCBuildConfiguration;
			baseConfigurationReference = D049475E0815D09E3FFC3CA0 /* Pods-DafuFruitTests.debug.xcconfig */;
			buildSettings = {
				BUNDLE_LOADER = "$(TEST_HOST)";
				INFOPLIST_FILE = DafuFruitTests/Info.plist;
				LD_RUNPATH_SEARCH_PATHS = "$(inherited) @executable_path/Frameworks @loader_path/Frameworks";
				PRODUCT_BUNDLE_IDENTIFIER = fly.DafuFruitTests;
				PRODUCT_NAME = "$(TARGET_NAME)";
				TEST_HOST = "$(BUILT_PRODUCTS_DIR)/DafuFruit.app/DafuFruit";
			};
			name = Debug;
		};
		84F0EAE11DACD08400D31CA9 /* Release */ = {
			isa = XCBuildConfiguration;
			baseConfigurationReference = C36E778CCDAC14AB5EF93405 /* Pods-DafuFruitTests.release.xcconfig */;
			buildSettings = {
				BUNDLE_LOADER = "$(TEST_HOST)";
				INFOPLIST_FILE = DafuFruitTests/Info.plist;
				LD_RUNPATH_SEARCH_PATHS = "$(inherited) @executable_path/Frameworks @loader_path/Frameworks";
				PRODUCT_BUNDLE_IDENTIFIER = fly.DafuFruitTests;
				PRODUCT_NAME = "$(TARGET_NAME)";
				TEST_HOST = "$(BUILT_PRODUCTS_DIR)/DafuFruit.app/DafuFruit";
			};
			name = Release;
		};
		84F0EAE31DACD08400D31CA9 /* Debug */ = {
			isa = XCBuildConfiguration;
			baseConfigurationReference = BDF5D2C962717236EA690A0A /* Pods-DafuFruitUITests.debug.xcconfig */;
			buildSettings = {
				INFOPLIST_FILE = DafuFruitUITests/Info.plist;
				LD_RUNPATH_SEARCH_PATHS = "$(inherited) @executable_path/Frameworks @loader_path/Frameworks";
				PRODUCT_BUNDLE_IDENTIFIER = fly.DafuFruitUITests;
				PRODUCT_NAME = "$(TARGET_NAME)";
				TEST_TARGET_NAME = DafuFruit;
				USES_XCTRUNNER = YES;
			};
			name = Debug;
		};
		84F0EAE41DACD08400D31CA9 /* Release */ = {
			isa = XCBuildConfiguration;
			baseConfigurationReference = 822026A90E3CC3A8D1C04779 /* Pods-DafuFruitUITests.release.xcconfig */;
			buildSettings = {
				INFOPLIST_FILE = DafuFruitUITests/Info.plist;
				LD_RUNPATH_SEARCH_PATHS = "$(inherited) @executable_path/Frameworks @loader_path/Frameworks";
				PRODUCT_BUNDLE_IDENTIFIER = fly.DafuFruitUITests;
				PRODUCT_NAME = "$(TARGET_NAME)";
				TEST_TARGET_NAME = DafuFruit;
				USES_XCTRUNNER = YES;
			};
			name = Release;
		};
/* End XCBuildConfiguration section */

/* Begin XCConfigurationList section */
		84F0EAA71DACD08300D31CA9 /* Build configuration list for PBXProject "DafuFruit" */ = {
			isa = XCConfigurationList;
			buildConfigurations = (
				84F0EADA1DACD08400D31CA9 /* Debug */,
				84F0EADB1DACD08400D31CA9 /* Release */,
			);
			defaultConfigurationIsVisible = 0;
			defaultConfigurationName = Release;
		};
		84F0EADC1DACD08400D31CA9 /* Build configuration list for PBXNativeTarget "DafuFruit" */ = {
			isa = XCConfigurationList;
			buildConfigurations = (
				84F0EADD1DACD08400D31CA9 /* Debug */,
				84F0EADE1DACD08400D31CA9 /* Release */,
			);
			defaultConfigurationIsVisible = 0;
			defaultConfigurationName = Release;
		};
		84F0EADF1DACD08400D31CA9 /* Build configuration list for PBXNativeTarget "DafuFruitTests" */ = {
			isa = XCConfigurationList;
			buildConfigurations = (
				84F0EAE01DACD08400D31CA9 /* Debug */,
				84F0EAE11DACD08400D31CA9 /* Release */,
			);
			defaultConfigurationIsVisible = 0;
			defaultConfigurationName = Release;
		};
		84F0EAE21DACD08400D31CA9 /* Build configuration list for PBXNativeTarget "DafuFruitUITests" */ = {
			isa = XCConfigurationList;
			buildConfigurations = (
				84F0EAE31DACD08400D31CA9 /* Debug */,
				84F0EAE41DACD08400D31CA9 /* Release */,
			);
			defaultConfigurationIsVisible = 0;
			defaultConfigurationName = Release;
		};
/* End XCConfigurationList section */

/* Begin XCVersionGroup section */
		84F0EABB1DACD08400D31CA9 /* DafuFruit.xcdatamodeld */ = {
			isa = XCVersionGroup;
			children = (
				84F0EABC1DACD08400D31CA9 /* DafuFruit.xcdatamodel */,
			);
			currentVersion = 84F0EABC1DACD08400D31CA9 /* DafuFruit.xcdatamodel */;
			path = DafuFruit.xcdatamodeld;
			sourceTree = "<group>";
			versionGroupType = wrapper.xcdatamodel;
		};
/* End XCVersionGroup section */
	};
	rootObject = 84F0EAA41DACD08300D31CA9 /* Project object */;
}
